
Microsoft Visual Studio Solution File, Format Version 12.00
# Visual Studio Version 16
VisualStudioVersion = 16.0.33927.289
MinimumVisualStudioVersion = 10.0.40219.1
Project("{2150E333-8FDC-42A3-9474-1A3956D46DE8}") = "Task0", "Task0", "{CF58E206-B63F-4653-9665-282E550B8467}"
EndProject
Project("{FAE04EC0-301F-11D3-BF4B-00C04F79EFBC}") = "Tyuiu.ChalkovaE.M.Sprint3.Task0.V18.Lib", "Tyuiu.ChalkovaE.M.Sprint3.Task0.V18.Lib\Tyuiu.ChalkovaE.M.Sprint3.Task0.V18.Lib.csproj", "{BFE58677-A613-40AE-869B-54B6E1BDCFDA}"
EndProject
Project("{FAE04EC0-301F-11D3-BF4B-00C04F79EFBC}") = "Tyuiu.ChalkovaE.M.Sprint3.Task0.V18.Test", "Tyuiu.ChalkovaE.M.Sprint3.Task0.V18.Test\Tyuiu.ChalkovaE.M.Sprint3.Task0.V18.Test.csproj", "{18492B97-F2A5-49EE-AC06-D52910B92B3A}"
EndProject
Project("{FAE04EC0-301F-11D3-BF4B-00C04F79EFBC}") = "Tyuiu.ChalkovaE.M.Sprint3.Task0.V18", "Tyuiu.ChalkovaE.M.Sprint3.Task0.V18\Tyuiu.ChalkovaE.M.Sprint3.Task0.V18.csproj", "{292C7E4E-22B3-452E-923E-3CA3F3CE7B6D}"
EndProject
Project("{2150E333-8FDC-42A3-9474-1A3956D46DE8}") = "Task1", "Task1", "{9C011A1F-0295-4555-8F39-B91524073C93}"
EndProject
Project("{FAE04EC0-301F-11D3-BF4B-00C04F79EFBC}") = "Tyuiu.ChalkovaE.M.Sprint3.Task1.V19", "Tyuiu.ChalkovaE.M.Sprint3.Task1.V19\Tyuiu.ChalkovaE.M.Sprint3.Task1.V19.csproj", "{AB06DF96-A087-43D1-81B3-4BB4BE243341}"
EndProject
Project("{FAE04EC0-301F-11D3-BF4B-00C04F79EFBC}") = "Tyuiu.ChalkovaE.M.Sprint3.Task1.V19.Test", "Tyuiu.ChalkovaE.M.Sprint3.Task1.V19.Test\Tyuiu.ChalkovaE.M.Sprint3.Task1.V19.Test.csproj", "{4CB674B3-D03D-4B0A-A000-2EC1AB47DD93}"
EndProject
Project("{FAE04EC0-301F-11D3-BF4B-00C04F79EFBC}") = "Tyuiu.ChalkovaE.M.Sprint3.Task1.V19.Lib", "Tyuiu.ChalkovaE.M.Sprint3.Task1.V19.Lib\Tyuiu.ChalkovaE.M.Sprint3.Task1.V19.Lib.csproj", "{F4742706-B3A6-4C39-AE64-54FD65AA7A22}"
EndProject
Project("{2150E333-8FDC-42A3-9474-1A3956D46DE8}") = "Task2", "Task2", "{09929ECA-E404-466D-83A8-D4AA0EB57A55}"
EndProject
Project("{FAE04EC0-301F-11D3-BF4B-00C04F79EFBC}") = "Tyuiu.ChalkovaE.M.Sprint3.Task2.V15", "Tyuiu.ChalkovaE.M.Sprint3.Task2.V15\Tyuiu.ChalkovaE.M.Sprint3.Task2.V15.csproj", "{E50F311A-C645-4E3B-A8CD-A1DD55A080A6}"
EndProject
Project("{FAE04EC0-301F-11D3-BF4B-00C04F79EFBC}") = "Tyuiu.ChalkovaE.M.Sprint3.Task2.V15.Lib", "Tyuiu.ChalkovaE.M.Sprint3.Task2.V15.Lib\Tyuiu.ChalkovaE.M.Sprint3.Task2.V15.Lib.csproj", "{DFBA600C-3AB1-49CB-A7FA-4BAFE42DB5EF}"
EndProject
Project("{FAE04EC0-301F-11D3-BF4B-00C04F79EFBC}") = "Tyuiu.ChalkovaE.M.Sprint3.Task2.V15.Test", "Tyuiu.ChalkovaE.M.Sprint3.Task2.V15.Test\Tyuiu.ChalkovaE.M.Sprint3.Task2.V15.Test.csproj", "{4AFD6CCF-D710-494B-A5B9-CA8908616841}"
EndProject
Global
	GlobalSection(SolutionConfigurationPlatforms) = preSolution
		Debug|Any CPU = Debug|Any CPU
		Release|Any CPU = Release|Any CPU
	EndGlobalSection
	GlobalSection(ProjectConfigurationPlatforms) = postSolution
		{BFE58677-A613-40AE-869B-54B6E1BDCFDA}.Debug|Any CPU.ActiveCfg = Debug|Any CPU
		{BFE58677-A613-40AE-869B-54B6E1BDCFDA}.Debug|Any CPU.Build.0 = Debug|Any CPU
		{BFE58677-A613-40AE-869B-54B6E1BDCFDA}.Release|Any CPU.ActiveCfg = Release|Any CPU
		{BFE58677-A613-40AE-869B-54B6E1BDCFDA}.Release|Any CPU.Build.0 = Release|Any CPU
		{18492B97-F2A5-49EE-AC06-D52910B92B3A}.Debug|Any CPU.ActiveCfg = Debug|Any CPU
		{18492B97-F2A5-49EE-AC06-D52910B92B3A}.Debug|Any CPU.Build.0 = Debug|Any CPU
		{18492B97-F2A5-49EE-AC06-D52910B92B3A}.Release|Any CPU.ActiveCfg = Release|Any CPU
		{18492B97-F2A5-49EE-AC06-D52910B92B3A}.Release|Any CPU.Build.0 = Release|Any CPU
		{292C7E4E-22B3-452E-923E-3CA3F3CE7B6D}.Debug|Any CPU.ActiveCfg = Debug|Any CPU
		{292C7E4E-22B3-452E-923E-3CA3F3CE7B6D}.Debug|Any CPU.Build.0 = Debug|Any CPU
		{292C7E4E-22B3-452E-923E-3CA3F3CE7B6D}.Release|Any CPU.ActiveCfg = Release|Any CPU
		{292C7E4E-22B3-452E-923E-3CA3F3CE7B6D}.Release|Any CPU.Build.0 = Release|Any CPU
		{AB06DF96-A087-43D1-81B3-4BB4BE243341}.Debug|Any CPU.ActiveCfg = Debug|Any CPU
		{AB06DF96-A087-43D1-81B3-4BB4BE243341}.Debug|Any CPU.Build.0 = Debug|Any CPU
		{AB06DF96-A087-43D1-81B3-4BB4BE243341}.Release|Any CPU.ActiveCfg = Release|Any CPU
		{AB06DF96-A087-43D1-81B3-4BB4BE243341}.Release|Any CPU.Build.0 = Release|Any CPU
		{4CB674B3-D03D-4B0A-A000-2EC1AB47DD93}.Debug|Any CPU.ActiveCfg = Debug|Any CPU
		{4CB674B3-D03D-4B0A-A000-2EC1AB47DD93}.Debug|Any CPU.Build.0 = Debug|Any CPU
		{4CB674B3-D03D-4B0A-A000-2EC1AB47DD93}.Release|Any CPU.ActiveCfg = Release|Any CPU
		{4CB674B3-D03D-4B0A-A000-2EC1AB47DD93}.Release|Any CPU.Build.0 = Release|Any CPU
		{F4742706-B3A6-4C39-AE64-54FD65AA7A22}.Debug|Any CPU.ActiveCfg = Debug|Any CPU
		{F4742706-B3A6-4C39-AE64-54FD65AA7A22}.Debug|Any CPU.Build.0 = Debug|Any CPU
		{F4742706-B3A6-4C39-AE64-54FD65AA7A22}.Release|Any CPU.ActiveCfg = Release|Any CPU
		{F4742706-B3A6-4C39-AE64-54FD65AA7A22}.Release|Any CPU.Build.0 = Release|Any CPU
		{E50F311A-C645-4E3B-A8CD-A1DD55A080A6}.Debug|Any CPU.ActiveCfg = Debug|Any CPU
		{E50F311A-C645-4E3B-A8CD-A1DD55A080A6}.Debug|Any CPU.Build.0 = Debug|Any CPU
		{E50F311A-C645-4E3B-A8CD-A1DD55A080A6}.Release|Any CPU.ActiveCfg = Release|Any CPU
		{E50F311A-C645-4E3B-A8CD-A1DD55A080A6}.Release|Any CPU.Build.0 = Release|Any CPU
		{DFBA600C-3AB1-49CB-A7FA-4BAFE42DB5EF}.Debug|Any CPU.ActiveCfg = Debug|Any CPU
		{DFBA600C-3AB1-49CB-A7FA-4BAFE42DB5EF}.Debug|Any CPU.Build.0 = Debug|Any CPU
		{DFBA600C-3AB1-49CB-A7FA-4BAFE42DB5EF}.Release|Any CPU.ActiveCfg = Release|Any CPU
		{DFBA600C-3AB1-49CB-A7FA-4BAFE42DB5EF}.Release|Any CPU.Build.0 = Release|Any CPU
		{4AFD6CCF-D710-494B-A5B9-CA8908616841}.Debug|Any CPU.ActiveCfg = Debug|Any CPU
		{4AFD6CCF-D710-494B-A5B9-CA8908616841}.Debug|Any CPU.Build.0 = Debug|Any CPU
		{4AFD6CCF-D710-494B-A5B9-CA8908616841}.Release|Any CPU.ActiveCfg = Release|Any CPU
		{4AFD6CCF-D710-494B-A5B9-CA8908616841}.Release|Any CPU.Build.0 = Release|Any CPU
	EndGlobalSection
	GlobalSection(SolutionProperties) = preSolution
		HideSolutionNode = FALSE
	EndGlobalSection
	GlobalSection(NestedProjects) = preSolution
		{BFE58677-A613-40AE-869B-54B6E1BDCFDA} = {CF58E206-B63F-4653-9665-282E550B8467}
		{18492B97-F2A5-49EE-AC06-D52910B92B3A} = {CF58E206-B63F-4653-9665-282E550B8467}
		{292C7E4E-22B3-452E-923E-3CA3F3CE7B6D} = {CF58E206-B63F-4653-9665-282E550B8467}
		{AB06DF96-A087-43D1-81B3-4BB4BE243341} = {9C011A1F-0295-4555-8F39-B91524073C93}
		{4CB674B3-D03D-4B0A-A000-2EC1AB47DD93} = {9C011A1F-0295-4555-8F39-B91524073C93}
		{F4742706-B3A6-4C39-AE64-54FD65AA7A22} = {9C011A1F-0295-4555-8F39-B91524073C93}
		{E50F311A-C645-4E3B-A8CD-A1DD55A080A6} = {09929ECA-E404-466D-83A8-D4AA0EB57A55}
		{DFBA600C-3AB1-49CB-A7FA-4BAFE42DB5EF} = {09929ECA-E404-466D-83A8-D4AA0EB57A55}
		{4AFD6CCF-D710-494B-A5B9-CA8908616841} = {09929ECA-E404-466D-83A8-D4AA0EB57A55}
	EndGlobalSection
	GlobalSection(ExtensibilityGlobals) = postSolution
		SolutionGuid = {3E6E1EED-6554-493C-A4D5-E9B6FFD4EB94}
	EndGlobalSection
EndGlobal
